
Microsoft Visual Studio Solution File, Format Version 12.00
# Visual Studio Version 17
VisualStudioVersion = 17.1.32210.238
MinimumVisualStudioVersion = 10.0.40219.1
Project("{9A19103F-16F7-4668-BE54-9A1E7A4F7556}") = "DotNetGuru", "DotNetGuru.csproj", "{E4FC3641-8C7A-4736-A537-19214FD549AF}"
EndProject
Global
	GlobalSection(SolutionConfigurationPlatforms) = preSolution
		Debug|Any CPU = Debug|Any CPU
		Release|Any CPU = Release|Any CPU
	EndGlobalSection
	GlobalSection(ProjectConfigurationPlatforms) = postSolution
		{E4FC3641-8C7A-4736-A537-19214FD549AF}.Debug|Any CPU.ActiveCfg = Debug|Any CPU
		{E4FC3641-8C7A-4736-A537-19214FD549AF}.Debug|Any CPU.Build.0 = Debug|Any CPU
		{E4FC3641-8C7A-4736-A537-19214FD549AF}.Release|Any CPU.ActiveCfg = Release|Any CPU
		{E4FC3641-8C7A-4736-A537-19214FD549AF}.Release|Any CPU.Build.0 = Release|Any CPU
	EndGlobalSection
	GlobalSection(SolutionProperties) = preSolution
		HideSolutionNode = FALSE
	EndGlobalSection
	GlobalSection(ExtensibilityGlobals) = postSolution
		SolutionGuid = {20E8C3BB-47AA-47FC-8A09-2E1900DFD7EB}
	EndGlobalSection
EndGlobal
